
Microsoft Visual Studio Solution File, Format Version 12.00
# Visual Studio Version 16
VisualStudioVersion = 16.0.31410.357
MinimumVisualStudioVersion = 10.0.40219.1
Project("{FAE04EC0-301F-11D3-BF4B-00C04F79EFBC}") = "WindowsFormsApp1_Study", "WindowsFormsApp1_Study.csproj", "{04FCAF4B-B45F-489C-935A-7DC5874ADB9B}"
EndProject
Global
	GlobalSection(SolutionConfigurationPlatforms) = preSolution
		Debug|Any CPU = Debug|Any CPU
		Release|Any CPU = Release|Any CPU
	EndGlobalSection
	GlobalSection(ProjectConfigurationPlatforms) = postSolution
		{04FCAF4B-B45F-489C-935A-7DC5874ADB9B}.Debug|Any CPU.ActiveCfg = Debug|Any CPU
		{04FCAF4B-B45F-489C-935A-7DC5874ADB9B}.Debug|Any CPU.Build.0 = Debug|Any CPU
		{04FCAF4B-B45F-489C-935A-7DC5874ADB9B}.Release|Any CPU.ActiveCfg = Release|Any CPU
		{04FCAF4B-B45F-489C-935A-7DC5874ADB9B}.Release|Any CPU.Build.0 = Release|Any CPU
	EndGlobalSection
	GlobalSection(SolutionProperties) = preSolution
		HideSolutionNode = FALSE
	EndGlobalSection
	GlobalSection(ExtensibilityGlobals) = postSolution
		SolutionGuid = {C0456CD4-5FEA-4D1F-A752-09C96C8F5287}
	EndGlobalSection
EndGlobal
